// !$*UTF8*$!
{
	archiveVersion = 1;
	classes = {
	};
	objectVersion = 46;
	objects = {

/* Begin PBXBuildFile section */
		7C19724C1EDC76A4004069BD /* DeliciousEyeCandyView.h in Headers */ = {isa = PBXBuildFile; fileRef = 7C19724B1EDC76A4004069BD /* DeliciousEyeCandyView.h */; };
		7C19724E1EDC76A4004069BD /* DeliciousEyeCandyView.m in Sources */ = {isa = PBXBuildFile; fileRef = 7C19724D1EDC76A4004069BD /* DeliciousEyeCandyView.m */; };
/* End PBXBuildFile section */

/* Begin PBXFileReference section */
		7C1972481EDC76A4004069BD /* DeliciousEyeCandy.saver */ = {isa = PBXFileReference; explicitFileType = wrapper.cfbundle; includeInIndex = 0; path = DeliciousEyeCandy.saver; sourceTree = BUILT_PRODUCTS_DIR; };
		7C19724B1EDC76A4004069BD /* DeliciousEyeCandyView.h */ = {isa = PBXFileReference; lastKnownFileType = sourcecode.c.h; path = DeliciousEyeCandyView.h; sourceTree = "<group>"; };
		7C19724D1EDC76A4004069BD /* DeliciousEyeCandyView.m */ = {isa = PBXFileReference; lastKnownFileType = sourcecode.c.objc; path = DeliciousEyeCandyView.m; sourceTree = "<group>"; };
		7C19724F1EDC76A4004069BD /* Info.plist */ = {isa = PBXFileReference; lastKnownFileType = text.plist.xml; path = Info.plist; sourceTree = "<group>"; };
/* End PBXFileReference section */

/* Begin PBXFrameworksBuildPhase section */
		7C1972441EDC76A4004069BD /* Frameworks */ = {
			isa = PBXFrameworksBuildPhase;
			buildActionMask = 2147483647;
			files = (
			);
			runOnlyForDeploymentPostprocessing = 0;
		};
/* End PBXFrameworksBuildPhase section */

/* Begin PBXGroup section */
		7C19723E1EDC76A4004069BD = {
			isa = PBXGroup;
			children = (
				7C19724A1EDC76A4004069BD /* DeliciousEyeCandy */,
				7C1972491EDC76A4004069BD /* Products */,
			);
			sourceTree = "<group>";
		};
		7C1972491EDC76A4004069BD /* Products */ = {
			isa = PBXGroup;
			children = (
				7C1972481EDC76A4004069BD /* DeliciousEyeCandy.saver */,
			);
			name = Products;
			sourceTree = "<group>";
		};
		7C19724A1EDC76A4004069BD /* DeliciousEyeCandy */ = {
			isa = PBXGroup;
			children = (
				7C19724B1EDC76A4004069BD /* DeliciousEyeCandyView.h */,
				7C19724D1EDC76A4004069BD /* DeliciousEyeCandyView.m */,
				7C19724F1EDC76A4004069BD /* Info.plist */,
			);
			path = DeliciousEyeCandy;
			sourceTree = "<group>";
		};
/* End PBXGroup section */

/* Begin PBXHeadersBuildPhase section */
		7C1972451EDC76A4004069BD /* Headers */ = {
			isa = PBXHeadersBuildPhase;
			buildActionMask = 2147483647;
			files = (
				7C19724C1EDC76A4004069BD /* DeliciousEyeCandyView.h in Headers */,
			);
			runOnlyForDeploymentPostprocessing = 0;
		};
/* End PBXHeadersBuildPhase section */

/* Begin PBXNativeTarget section */
		7C1972471EDC76A4004069BD /* DeliciousEyeCandy */ = {
			isa = PBXNativeTarget;
			buildConfigurationList = 7C1972521EDC76A4004069BD /* Build configuration list for PBXNativeTarget "DeliciousEyeCandy" */;
			buildPhases = (
				7C1972431EDC76A4004069BD /* Sources */,
				7C1972441EDC76A4004069BD /* Frameworks */,
				7C1972451EDC76A4004069BD /* Headers */,
				7C1972461EDC76A4004069BD /* Resources */,
			);
			buildRules = (
			);
			dependencies = (
			);
			name = DeliciousEyeCandy;
			productName = DeliciousEyeCandy;
			productReference = 7C1972481EDC76A4004069BD /* DeliciousEyeCandy.saver */;
			productType = "com.apple.product-type.bundle";
		};
/* End PBXNativeTarget section */

/* Begin PBXProject section */
		7C19723F1EDC76A4004069BD /* Project object */ = {
			isa = PBXProject;
			attributes = {
				LastUpgradeCheck = 0830;
				ORGANIZATIONNAME = "Robert Zimmelman";
				TargetAttributes = {
					7C1972471EDC76A4004069BD = {
						CreatedOnToolsVersion = 8.3.2;
						DevelopmentTeam = 8RV36K5JJ4;
						ProvisioningStyle = Automatic;
					};
				};
			};
			buildConfigurationList = 7C1972421EDC76A4004069BD /* Build configuration list for PBXProject "DeliciousEyeCandy" */;
			compatibilityVersion = "Xcode 3.2";
			developmentRegion = English;
			hasScannedForEncodings = 0;
			knownRegions = (
				en,
			);
			mainGroup = 7C19723E1EDC76A4004069BD;
			productRefGroup = 7C1972491EDC76A4004069BD /* Products */;
			projectDirPath = "";
			projectRoot = "";
			targets = (
				7C1972471EDC76A4004069BD /* DeliciousEyeCandy */,
			);
		};
/* End PBXProject section */

/* Begin PBXResourcesBuildPhase section */
		7C1972461EDC76A4004069BD /* Resources */ = {
			isa = PBXResourcesBuildPhase;
			buildActionMask = 2147483647;
			files = (
			);
			runOnlyForDeploymentPostprocessing = 0;
		};
/* End PBXResourcesBuildPhase section */

/* Begin PBXSourcesBuildPhase section */
		7C1972431EDC76A4004069BD /* Sources */ = {
			isa = PBXSourcesBuildPhase;
			buildActionMask = 2147483647;
			files = (
				7C19724E1EDC76A4004069BD /* DeliciousEyeCandyView.m in Sources */,
			);
			runOnlyForDeploymentPostprocessing = 0;
		};
/* End PBXSourcesBuildPhase section */

/* Begin XCBuildConfiguration section */
		7C1972501EDC76A4004069BD /* Debug */ = {
			isa = XCBuildConfiguration;
			buildSettings = {
				ALWAYS_SEARCH_USER_PATHS = NO;
				CLANG_ANALYZER_NONNULL = YES;
				CLANG_ANALYZER_NUMBER_OBJECT_CONVERSION = YES_AGGRESSIVE;
				CLANG_CXX_LANGUAGE_STANDARD = "gnu++0x";
				CLANG_CXX_LIBRARY = "libc++";
				CLANG_ENABLE_MODULES = YES;
				CLANG_ENABLE_OBJC_ARC = YES;
				CLANG_WARN_BOOL_CONVERSION = YES;
				CLANG_WARN_CONSTANT_CONVERSION = YES;
				CLANG_WARN_DIRECT_OBJC_ISA_USAGE = YES_ERROR;
				CLANG_WARN_DOCUMENTATION_COMMENTS = YES;
				CLANG_WARN_EMPTY_BODY = YES;
				CLANG_WARN_ENUM_CONVERSION = YES;
				CLANG_WARN_INFINITE_RECURSION = YES;
				CLANG_WARN_INT_CONVERSION = YES;
				CLANG_WARN_OBJC_ROOT_CLASS = YES_ERROR;
				CLANG_WARN_SUSPICIOUS_MOVE = YES;
				CLANG_WARN_UNREACHABLE_CODE = YES;
				CLANG_WARN__DUPLICATE_METHOD_MATCH = YES;
				CODE_SIGN_IDENTITY = "-";
				COPY_PHASE_STRIP = NO;
				DEBUG_INFORMATION_FORMAT = dwarf;
				ENABLE_STRICT_OBJC_MSGSEND = YES;
				ENABLE_TESTABILITY = YES;
				GCC_C_LANGUAGE_STANDARD = gnu99;
				GCC_DYNAMIC_NO_PIC = NO;
				GCC_NO_COMMON_BLOCKS = YES;
				GCC_OPTIMIZATION_LEVEL = 0;
				GCC_PREPROCESSOR_DEFINITIONS = (
					"DEBUG=1",
					"$(inherited)",
				);
				GCC_WARN_64_TO_32_BIT_CONVERSION = YES;
				GCC_WARN_ABOUT_RETURN_TYPE = YES_ERROR;
				GCC_WARN_UNDECLARED_SELECTOR = YES;
				GCC_WARN_UNINITIALIZED_AUTOS = YES_AGGRESSIVE;
				GCC_WARN_UNUSED_FUNCTION = YES;
				GCC_WARN_UNUSED_VARIABLE = YES;
				MACOSX_DEPLOYMENT_TARGET = 10.12;
				MTL_ENABLE_DEBUG_INFO = YES;
				ONLY_ACTIVE_ARCH = YES;
				SDKROOT = macosx;
			};
			name = Debug;
		};
		7C1972511EDC76A4004069BD /* Release */ = {
			isa = XCBuildConfiguration;
			buildSettings = {
				ALWAYS_SEARCH_USER_PATHS = NO;
				CLANG_ANALYZER_NONNULL = YES;
				CLANG_ANALYZER_NUMBER_OBJECT_CONVERSION = YES_AGGRESSIVE;
				CLANG_CXX_LANGUAGE_STANDARD = "gnu++0x";
				CLANG_CXX_LIBRARY = "libc++";
				CLANG_ENABLE_MODULES = YES;
				CLANG_ENABLE_OBJC_ARC = YES;
				CLANG_WARN_BOOL_CONVERSION = YES;
				CLANG_WARN_CONSTANT_CONVERSION = YES;
				CLANG_WARN_DIRECT_OBJC_ISA_USAGE = YES_ERROR;
				CLANG_WARN_DOCUMENTATION_COMMENTS = YES;
				CLANG_WARN_EMPTY_BODY = YES;
				CLANG_WARN_ENUM_CONVERSION = YES;
				CLANG_WARN_INFINITE_RECURSION = YES;
				CLANG_WARN_INT_CONVERSION = YES;
				CLANG_WARN_OBJC_ROOT_CLASS = YES_ERROR;
				CLANG_WARN_SUSPICIOUS_MOVE = YES;
				CLANG_WARN_UNREACHABLE_CODE = YES;
				CLANG_WARN__DUPLICATE_METHOD_MATCH = YES;
				CODE_SIGN_IDENTITY = "-";
				COPY_PHASE_STRIP = NO;
				DEBUG_INFORMATION_FORMAT = "dwarf-with-dsym";
				ENABLE_NS_ASSERTIONS = NO;
				ENABLE_STRICT_OBJC_MSGSEND = YES;
				GCC_C_LANGUAGE_STANDARD = gnu99;
				GCC_NO_COMMON_BLOCKS = YES;
				GCC_WARN_64_TO_32_BIT_CONVERSION = YES;
				GCC_WARN_ABOUT_RETURN_TYPE = YES_ERROR;
				GCC_WARN_UNDECLARED_SELECTOR = YES;
				GCC_WARN_UNINITIALIZED_AUTOS = YES_AGGRESSIVE;
				GCC_WARN_UNUSED_FUNCTION = YES;
				GCC_WARN_UNUSED_VARIABLE = YES;
				MACOSX_DEPLOYMENT_TARGET = 10.12;
				MTL_ENABLE_DEBUG_INFO = NO;
				SDKROOT = macosx;
			};
			name = Release;
		};
		7C1972531EDC76A4004069BD /* Debug */ = {
			isa = XCBuildConfiguration;
			buildSettings = {
				COMBINE_HIDPI_IMAGES = YES;
				DEVELOPMENT_TEAM = 8RV36K5JJ4;
				INFOPLIST_FILE = DeliciousEyeCandy/Info.plist;
				INSTALL_PATH = "$(HOME)/Library/Screen Savers";
				PRODUCT_BUNDLE_IDENTIFIER = org.zimmelman.DeliciousEyeCandy;
				PRODUCT_NAME = "$(TARGET_NAME)";
				WRAPPER_EXTENSION = saver;
			};
			name = Debug;
		};
		7C1972541EDC76A4004069BD /* Release */ = {
			isa = XCBuildConfiguration;
			buildSettings = {
				COMBINE_HIDPI_IMAGES = YES;
				DEVELOPMENT_TEAM = 8RV36K5JJ4;
				INFOPLIST_FILE = DeliciousEyeCandy/Info.plist;
				INSTALL_PATH = "$(HOME)/Library/Screen Savers";
				PRODUCT_BUNDLE_IDENTIFIER = org.zimmelman.DeliciousEyeCandy;
				PRODUCT_NAME = "$(TARGET_NAME)";
				WRAPPER_EXTENSION = saver;
			};
			name = Release;
		};
/* End XCBuildConfiguration section */

/* Begin XCConfigurationList section */
		7C1972421EDC76A4004069BD /* Build configuration list for PBXProject "DeliciousEyeCandy" */ = {
			isa = XCConfigurationList;
			buildConfigurations = (
				7C1972501EDC76A4004069BD /* Debug */,
				7C1972511EDC76A4004069BD /* Release */,
			);
			defaultConfigurationIsVisible = 0;
			defaultConfigurationName = Release;
		};
		7C1972521EDC76A4004069BD /* Build configuration list for PBXNativeTarget "DeliciousEyeCandy" */ = {
			isa = XCConfigurationList;
			buildConfigurations = (
				7C1972531EDC76A4004069BD /* Debug */,
				7C1972541EDC76A4004069BD /* Release */,
			);
			defaultConfigurationIsVisible = 0;
		};
/* End XCConfigurationList section */
	};
	rootObject = 7C19723F1EDC76A4004069BD /* Project object */;
}
